
Microsoft Visual Studio Solution File, Format Version 12.00
# Visual Studio Version 17
VisualStudioVersion = 17.14.36623.8 d17.14
MinimumVisualStudioVersion = 10.0.40219.1
Project("{FAE04EC0-301F-11D3-BF4B-00C04F79EFBC}") = "LB_4", "LB_4.csproj", "{F2716320-D566-4766-B161-40229B19951C}"
EndProject
Global
	GlobalSection(SolutionConfigurationPlatforms) = preSolution
		Debug|Any CPU = Debug|Any CPU
		Release|Any CPU = Release|Any CPU
	EndGlobalSection
	GlobalSection(ProjectConfigurationPlatforms) = postSolution
		{F2716320-D566-4766-B161-40229B19951C}.Debug|Any CPU.ActiveCfg = Debug|Any CPU
		{F2716320-D566-4766-B161-40229B19951C}.Debug|Any CPU.Build.0 = Debug|Any CPU
		{F2716320-D566-4766-B161-40229B19951C}.Release|Any CPU.ActiveCfg = Release|Any CPU
		{F2716320-D566-4766-B161-40229B19951C}.Release|Any CPU.Build.0 = Release|Any CPU
	EndGlobalSection
	GlobalSection(SolutionProperties) = preSolution
		HideSolutionNode = FALSE
	EndGlobalSection
	GlobalSection(ExtensibilityGlobals) = postSolution
		SolutionGuid = {07CA27D3-ED1C-4F9C-8A3E-07219662E359}
	EndGlobalSection
EndGlobal
