
Microsoft Visual Studio Solution File, Format Version 12.00
# Visual Studio Version 17
VisualStudioVersion = 17.14.36623.8 d17.14
MinimumVisualStudioVersion = 10.0.40219.1
Project("{FAE04EC0-301F-11D3-BF4B-00C04F79EFBC}") = "lb3_33333", "lb3_33333.csproj", "{015F4BE8-6EDF-4814-8A1A-4FEE0A54CE5D}"
EndProject
Global
	GlobalSection(SolutionConfigurationPlatforms) = preSolution
		Debug|Any CPU = Debug|Any CPU
		Release|Any CPU = Release|Any CPU
	EndGlobalSection
	GlobalSection(ProjectConfigurationPlatforms) = postSolution
		{015F4BE8-6EDF-4814-8A1A-4FEE0A54CE5D}.Debug|Any CPU.ActiveCfg = Debug|Any CPU
		{015F4BE8-6EDF-4814-8A1A-4FEE0A54CE5D}.Debug|Any CPU.Build.0 = Debug|Any CPU
		{015F4BE8-6EDF-4814-8A1A-4FEE0A54CE5D}.Release|Any CPU.ActiveCfg = Release|Any CPU
		{015F4BE8-6EDF-4814-8A1A-4FEE0A54CE5D}.Release|Any CPU.Build.0 = Release|Any CPU
	EndGlobalSection
	GlobalSection(SolutionProperties) = preSolution
		HideSolutionNode = FALSE
	EndGlobalSection
	GlobalSection(ExtensibilityGlobals) = postSolution
		SolutionGuid = {03D20B8A-2579-4F58-9019-191B097565F3}
	EndGlobalSection
EndGlobal
